
Microsoft Visual Studio Solution File, Format Version 12.00
# Visual Studio Version 17
VisualStudioVersion = 17.8.34511.84
MinimumVisualStudioVersion = 10.0.40219.1
Project("{FAE04EC0-301F-11D3-BF4B-00C04F79EFBC}") = "Week14OOP", "Week14OOP\Week14OOP.csproj", "{864EA82A-7D8C-40A7-9A8B-9A91B74C8929}"
EndProject
Global
	GlobalSection(SolutionConfigurationPlatforms) = preSolution
		Debug|Any CPU = Debug|Any CPU
		Release|Any CPU = Release|Any CPU
	EndGlobalSection
	GlobalSection(ProjectConfigurationPlatforms) = postSolution
		{864EA82A-7D8C-40A7-9A8B-9A91B74C8929}.Debug|Any CPU.ActiveCfg = Debug|Any CPU
		{864EA82A-7D8C-40A7-9A8B-9A91B74C8929}.Debug|Any CPU.Build.0 = Debug|Any CPU
		{864EA82A-7D8C-40A7-9A8B-9A91B74C8929}.Release|Any CPU.ActiveCfg = Release|Any CPU
		{864EA82A-7D8C-40A7-9A8B-9A91B74C8929}.Release|Any CPU.Build.0 = Release|Any CPU
	EndGlobalSection
	GlobalSection(SolutionProperties) = preSolution
		HideSolutionNode = FALSE
	EndGlobalSection
	GlobalSection(ExtensibilityGlobals) = postSolution
		SolutionGuid = {2F4E9A99-6624-423E-9CE6-435BBE3F08CC}
	EndGlobalSection
EndGlobal
